// !$*UTF8*$!
{
	archiveVersion = 1;
	classes = {
	};
	objectVersion = 56;
	objects = {

/* Begin PBXBuildFile section */
		8106F87D2BD680F0000F1B7C /* EthanTodoListApp.swift in Sources */ = {isa = PBXBuildFile; fileRef = 8106F87C2BD680F0000F1B7C /* EthanTodoListApp.swift */; };
		8106F87F2BD680F0000F1B7C /* ContentView.swift in Sources */ = {isa = PBXBuildFile; fileRef = 8106F87E2BD680F0000F1B7C /* ContentView.swift */; };
		8106F8812BD680F0000F1B7C /* Item.swift in Sources */ = {isa = PBXBuildFile; fileRef = 8106F8802BD680F0000F1B7C /* Item.swift */; };
		8106F8832BD680F1000F1B7C /* Assets.xcassets in Resources */ = {isa = PBXBuildFile; fileRef = 8106F8822BD680F1000F1B7C /* Assets.xcassets */; };
		8106F8862BD680F1000F1B7C /* Preview Assets.xcassets in Resources */ = {isa = PBXBuildFile; fileRef = 8106F8852BD680F1000F1B7C /* Preview Assets.xcassets */; };
		810999112BDAF26F0012C5BD /* CustomDatePicker.swift in Sources */ = {isa = PBXBuildFile; fileRef = 810999102BDAF26F0012C5BD /* CustomDatePicker.swift */; };
		81AE6ABF2BDAE3A500E300E9 /* ItemView.swift in Sources */ = {isa = PBXBuildFile; fileRef = 81AE6ABE2BDAE3A500E300E9 /* ItemView.swift */; };
/* End PBXBuildFile section */

/* Begin PBXFileReference section */
		8106F8792BD680F0000F1B7C /* EthanTodoList.app */ = {isa = PBXFileReference; explicitFileType = wrapper.application; includeInIndex = 0; path = EthanTodoList.app; sourceTree = BUILT_PRODUCTS_DIR; };
		8106F87C2BD680F0000F1B7C /* EthanTodoListApp.swift */ = {isa = PBXFileReference; lastKnownFileType = sourcecode.swift; path = EthanTodoListApp.swift; sourceTree = "<group>"; };
		8106F87E2BD680F0000F1B7C /* ContentView.swift */ = {isa = PBXFileReference; lastKnownFileType = sourcecode.swift; path = ContentView.swift; sourceTree = "<group>"; };
		8106F8802BD680F0000F1B7C /* Item.swift */ = {isa = PBXFileReference; lastKnownFileType = sourcecode.swift; path = Item.swift; sourceTree = "<group>"; };
		8106F8822BD680F1000F1B7C /* Assets.xcassets */ = {isa = PBXFileReference; lastKnownFileType = folder.assetcatalog; path = Assets.xcassets; sourceTree = "<group>"; };
		8106F8852BD680F1000F1B7C /* Preview Assets.xcassets */ = {isa = PBXFileReference; lastKnownFileType = folder.assetcatalog; path = "Preview Assets.xcassets"; sourceTree = "<group>"; };
		8106F8872BD680F1000F1B7C /* EthanTodoList.entitlements */ = {isa = PBXFileReference; lastKnownFileType = text.plist.entitlements; path = EthanTodoList.entitlements; sourceTree = "<group>"; };
		810999102BDAF26F0012C5BD /* CustomDatePicker.swift */ = {isa = PBXFileReference; lastKnownFileType = sourcecode.swift; path = CustomDatePicker.swift; sourceTree = "<group>"; };
		81AE6ABE2BDAE3A500E300E9 /* ItemView.swift */ = {isa = PBXFileReference; lastKnownFileType = sourcecode.swift; path = ItemView.swift; sourceTree = "<group>"; };
/* End PBXFileReference section */

/* Begin PBXFrameworksBuildPhase section */
		8106F8762BD680F0000F1B7C /* Frameworks */ = {
			isa = PBXFrameworksBuildPhase;
			buildActionMask = 2147483647;
			files = (
			);
			runOnlyForDeploymentPostprocessing = 0;
		};
/* End PBXFrameworksBuildPhase section */

/* Begin PBXGroup section */
		8106F8702BD680F0000F1B7C = {
			isa = PBXGroup;
			children = (
				8106F87B2BD680F0000F1B7C /* EthanTodoList */,
				8106F87A2BD680F0000F1B7C /* Products */,
			);
			sourceTree = "<group>";
		};
		8106F87A2BD680F0000F1B7C /* Products */ = {
			isa = PBXGroup;
			children = (
				8106F8792BD680F0000F1B7C /* EthanTodoList.app */,
			);
			name = Products;
			sourceTree = "<group>";
		};
		8106F87B2BD680F0000F1B7C /* EthanTodoList */ = {
			isa = PBXGroup;
			children = (
				8106F87C2BD680F0000F1B7C /* EthanTodoListApp.swift */,
				8106F87E2BD680F0000F1B7C /* ContentView.swift */,
				8106F8802BD680F0000F1B7C /* Item.swift */,
				8106F8822BD680F1000F1B7C /* Assets.xcassets */,
				8106F8872BD680F1000F1B7C /* EthanTodoList.entitlements */,
				8106F8842BD680F1000F1B7C /* Preview Content */,
				81AE6ABE2BDAE3A500E300E9 /* ItemView.swift */,
				810999102BDAF26F0012C5BD /* CustomDatePicker.swift */,
			);
			path = EthanTodoList;
			sourceTree = "<group>";
		};
		8106F8842BD680F1000F1B7C /* Preview Content */ = {
			isa = PBXGroup;
			children = (
				8106F8852BD680F1000F1B7C /* Preview Assets.xcassets */,
			);
			path = "Preview Content";
			sourceTree = "<group>";
		};
/* End PBXGroup section */

/* Begin PBXNativeTarget section */
		8106F8782BD680F0000F1B7C /* EthanTodoList */ = {
			isa = PBXNativeTarget;
			buildConfigurationList = 8106F88A2BD680F1000F1B7C /* Build configuration list for PBXNativeTarget "EthanTodoList" */;
			buildPhases = (
				8106F8752BD680F0000F1B7C /* Sources */,
				8106F8762BD680F0000F1B7C /* Frameworks */,
				8106F8772BD680F0000F1B7C /* Resources */,
			);
			buildRules = (
			);
			dependencies = (
			);
			name = EthanTodoList;
			productName = EthanTodoList;
			productReference = 8106F8792BD680F0000F1B7C /* EthanTodoList.app */;
			productType = "com.apple.product-type.application";
		};
/* End PBXNativeTarget section */

/* Begin PBXProject section */
		8106F8712BD680F0000F1B7C /* Project object */ = {
			isa = PBXProject;
			attributes = {
				BuildIndependentTargetsInParallel = 1;
				LastSwiftUpdateCheck = 1530;
				LastUpgradeCheck = 1530;
				TargetAttributes = {
					8106F8782BD680F0000F1B7C = {
						CreatedOnToolsVersion = 15.3;
					};
				};
			};
			buildConfigurationList = 8106F8742BD680F0000F1B7C /* Build configuration list for PBXProject "EthanTodoList" */;
			compatibilityVersion = "Xcode 14.0";
			developmentRegion = en;
			hasScannedForEncodings = 0;
			knownRegions = (
				en,
				Base,
			);
			mainGroup = 8106F8702BD680F0000F1B7C;
			productRefGroup = 8106F87A2BD680F0000F1B7C /* Products */;
			projectDirPath = "";
			projectRoot = "";
			targets = (
				8106F8782BD680F0000F1B7C /* EthanTodoList */,
			);
		};
/* End PBXProject section */

/* Begin PBXResourcesBuildPhase section */
		8106F8772BD680F0000F1B7C /* Resources */ = {
			isa = PBXResourcesBuildPhase;
			buildActionMask = 2147483647;
			files = (
				8106F8862BD680F1000F1B7C /* Preview Assets.xcassets in Resources */,
				8106F8832BD680F1000F1B7C /* Assets.xcassets in Resources */,
			);
			runOnlyForDeploymentPostprocessing = 0;
		};
/* End PBXResourcesBuildPhase section */

/* Begin PBXSourcesBuildPhase section */
		8106F8752BD680F0000F1B7C /* Sources */ = {
			isa = PBXSourcesBuildPhase;
			buildActionMask = 2147483647;
			files = (
				810999112BDAF26F0012C5BD /* CustomDatePicker.swift in Sources */,
				8106F87F2BD680F0000F1B7C /* ContentView.swift in Sources */,
				8106F8812BD680F0000F1B7C /* Item.swift in Sources */,
				8106F87D2BD680F0000F1B7C /* EthanTodoListApp.swift in Sources */,
				81AE6ABF2BDAE3A500E300E9 /* ItemView.swift in Sources */,
			);
			runOnlyForDeploymentPostprocessing = 0;
		};
/* End PBXSourcesBuildPhase section */

/* Begin XCBuildConfiguration section */
		8106F8882BD680F1000F1B7C /* Debug */ = {
			isa = XCBuildConfiguration;
			buildSettings = {
				ALWAYS_SEARCH_USER_PATHS = NO;
				ASSETCATALOG_COMPILER_GENERATE_SWIFT_ASSET_SYMBOL_EXTENSIONS = YES;
				CLANG_ANALYZER_NONNULL = YES;
				CLANG_ANALYZER_NUMBER_OBJECT_CONVERSION = YES_AGGRESSIVE;
				CLANG_CXX_LANGUAGE_STANDARD = "gnu++20";
				CLANG_ENABLE_MODULES = YES;
				CLANG_ENABLE_OBJC_ARC = YES;
				CLANG_ENABLE_OBJC_WEAK = YES;
				CLANG_WARN_BLOCK_CAPTURE_AUTORELEASING = YES;
				CLANG_WARN_BOOL_CONVERSION = YES;
				CLANG_WARN_COMMA = YES;
				CLANG_WARN_CONSTANT_CONVERSION = YES;
				CLANG_WARN_DEPRECATED_OBJC_IMPLEMENTATIONS = YES;
				CLANG_WARN_DIRECT_OBJC_ISA_USAGE = YES_ERROR;
				CLANG_WARN_DOCUMENTATION_COMMENTS = YES;
				CLANG_WARN_EMPTY_BODY = YES;
				CLANG_WARN_ENUM_CONVERSION = YES;
				CLANG_WARN_INFINITE_RECURSION = YES;
				CLANG_WARN_INT_CONVERSION = YES;
				CLANG_WARN_NON_LITERAL_NULL_CONVERSION = YES;
				CLANG_WARN_OBJC_IMPLICIT_RETAIN_SELF = YES;
				CLANG_WARN_OBJC_LITERAL_CONVERSION = YES;
				CLANG_WARN_OBJC_ROOT_CLASS = YES_ERROR;
				CLANG_WARN_QUOTED_INCLUDE_IN_FRAMEWORK_HEADER = YES;
				CLANG_WARN_RANGE_LOOP_ANALYSIS = YES;
				CLANG_WARN_STRICT_PROTOTYPES = YES;
				CLANG_WARN_SUSPICIOUS_MOVE = YES;
				CLANG_WARN_UNGUARDED_AVAILABILITY = YES_AGGRESSIVE;
				CLANG_WARN_UNREACHABLE_CODE = YES;
				CLANG_WARN__DUPLICATE_METHOD_MATCH = YES;
				COPY_PHASE_STRIP = NO;
				DEBUG_INFORMATION_FORMAT = dwarf;
				ENABLE_STRICT_OBJC_MSGSEND = YES;
				ENABLE_TESTABILITY = YES;
				ENABLE_USER_SCRIPT_SANDBOXING = YES;
				GCC_C_LANGUAGE_STANDARD = gnu17;
				GCC_DYNAMIC_NO_PIC = NO;
				GCC_NO_COMMON_BLOCKS = YES;
				GCC_OPTIMIZATION_LEVEL = 0;
				GCC_PREPROCESSOR_DEFINITIONS = (
					"DEBUG=1",
					"$(inherited)",
				);
				GCC_WARN_64_TO_32_BIT_CONVERSION = YES;
				GCC_WARN_ABOUT_RETURN_TYPE = YES_ERROR;
				GCC_WARN_UNDECLARED_SELECTOR = YES;
				GCC_WARN_UNINITIALIZED_AUTOS = YES_AGGRESSIVE;
				GCC_WARN_UNUSED_FUNCTION = YES;
				GCC_WARN_UNUSED_VARIABLE = YES;
				LOCALIZATION_PREFERS_STRING_CATALOGS = YES;
				MACOSX_DEPLOYMENT_TARGET = 14.0;
				MTL_ENABLE_DEBUG_INFO = INCLUDE_SOURCE;
				MTL_FAST_MATH = YES;
				ONLY_ACTIVE_ARCH = YES;
				SDKROOT = macosx;
				SWIFT_ACTIVE_COMPILATION_CONDITIONS = "DEBUG $(inherited)";
				SWIFT_OPTIMIZATION_LEVEL = "-Onone";
			};
			name = Debug;
		};
		8106F8892BD680F1000F1B7C /* Release */ = {
			isa = XCBuildConfiguration;
			buildSettings = {
				ALWAYS_SEARCH_USER_PATHS = NO;
				ASSETCATALOG_COMPILER_GENERATE_SWIFT_ASSET_SYMBOL_EXTENSIONS = YES;
				CLANG_ANALYZER_NONNULL = YES;
				CLANG_ANALYZER_NUMBER_OBJECT_CONVERSION = YES_AGGRESSIVE;
				CLANG_CXX_LANGUAGE_STANDARD = "gnu++20";
				CLANG_ENABLE_MODULES = YES;
				CLANG_ENABLE_OBJC_ARC = YES;
				CLANG_ENABLE_OBJC_WEAK = YES;
				CLANG_WARN_BLOCK_CAPTURE_AUTORELEASING = YES;
				CLANG_WARN_BOOL_CONVERSION = YES;
				CLANG_WARN_COMMA = YES;
				CLANG_WARN_CONSTANT_CONVERSION = YES;
				CLANG_WARN_DEPRECATED_OBJC_IMPLEMENTATIONS = YES;
				CLANG_WARN_DIRECT_OBJC_ISA_USAGE = YES_ERROR;
				CLANG_WARN_DOCUMENTATION_COMMENTS = YES;
				CLANG_WARN_EMPTY_BODY = YES;
				CLANG_WARN_ENUM_CONVERSION = YES;
				CLANG_WARN_INFINITE_RECURSION = YES;
				CLANG_WARN_INT_CONVERSION = YES;
				CLANG_WARN_NON_LITERAL_NULL_CONVERSION = YES;
				CLANG_WARN_OBJC_IMPLICIT_RETAIN_SELF = YES;
				CLANG_WARN_OBJC_LITERAL_CONVERSION = YES;
				CLANG_WARN_OBJC_ROOT_CLASS = YES_ERROR;
				CLANG_WARN_QUOTED_INCLUDE_IN_FRAMEWORK_HEADER = YES;
				CLANG_WARN_RANGE_LOOP_ANALYSIS = YES;
				CLANG_WARN_STRICT_PROTOTYPES = YES;
				CLANG_WARN_SUSPICIOUS_MOVE = YES;
				CLANG_WARN_UNGUARDED_AVAILABILITY = YES_AGGRESSIVE;
				CLANG_WARN_UNREACHABLE_CODE = YES;
				CLANG_WARN__DUPLICATE_METHOD_MATCH = YES;
				COPY_PHASE_STRIP = NO;
				DEBUG_INFORMATION_FORMAT = "dwarf-with-dsym";
				ENABLE_NS_ASSERTIONS = NO;
				ENABLE_STRICT_OBJC_MSGSEND = YES;
				ENABLE_USER_SCRIPT_SANDBOXING = YES;
				GCC_C_LANGUAGE_STANDARD = gnu17;
				GCC_NO_COMMON_BLOCKS = YES;
				GCC_WARN_64_TO_32_BIT_CONVERSION = YES;
				GCC_WARN_ABOUT_RETURN_TYPE = YES_ERROR;
				GCC_WARN_UNDECLARED_SELECTOR = YES;
				GCC_WARN_UNINITIALIZED_AUTOS = YES_AGGRESSIVE;
				GCC_WARN_UNUSED_FUNCTION = YES;
				GCC_WARN_UNUSED_VARIABLE = YES;
				LOCALIZATION_PREFERS_STRING_CATALOGS = YES;
				MACOSX_DEPLOYMENT_TARGET = 14.0;
				MTL_ENABLE_DEBUG_INFO = NO;
				MTL_FAST_MATH = YES;
				SDKROOT = macosx;
				SWIFT_COMPILATION_MODE = wholemodule;
			};
			name = Release;
		};
		8106F88B2BD680F1000F1B7C /* Debug */ = {
			isa = XCBuildConfiguration;
			buildSettings = {
				ASSETCATALOG_COMPILER_APPICON_NAME = AppIcon;
				ASSETCATALOG_COMPILER_GLOBAL_ACCENT_COLOR_NAME = AccentColor;
				CODE_SIGN_ENTITLEMENTS = EthanTodoList/EthanTodoList.entitlements;
				CODE_SIGN_STYLE = Automatic;
				COMBINE_HIDPI_IMAGES = YES;
				CURRENT_PROJECT_VERSION = 11;
				DEVELOPMENT_ASSET_PATHS = "\"EthanTodoList/Preview Content\"";
				DEVELOPMENT_TEAM = J679C73527;
				ENABLE_HARDENED_RUNTIME = YES;
				ENABLE_PREVIEWS = YES;
				GENERATE_INFOPLIST_FILE = YES;
				INFOPLIST_KEY_LSApplicationCategoryType = "public.app-category.utilities";
				INFOPLIST_KEY_NSHumanReadableCopyright = "";
				LD_RUNPATH_SEARCH_PATHS = (
					"$(inherited)",
					"@executable_path/../Frameworks",
				);
				MACOSX_DEPLOYMENT_TARGET = 14.0;
				MARKETING_VERSION = 0.1;
				PRODUCT_BUNDLE_IDENTIFIER = com.ethanxu.EthanTodoList;
				PRODUCT_NAME = "$(TARGET_NAME)";
				SWIFT_EMIT_LOC_STRINGS = YES;
				SWIFT_VERSION = 5.0;
			};
			name = Debug;
		};
		8106F88C2BD680F1000F1B7C /* Release */ = {
			isa = XCBuildConfiguration;
			buildSettings = {
				ASSETCATALOG_COMPILER_APPICON_NAME = AppIcon;
				ASSETCATALOG_COMPILER_GLOBAL_ACCENT_COLOR_NAME = AccentColor;
				CODE_SIGN_ENTITLEMENTS = EthanTodoList/EthanTodoList.entitlements;
				CODE_SIGN_STYLE = Automatic;
				COMBINE_HIDPI_IMAGES = YES;
				CURRENT_PROJECT_VERSION = 11;
				DEVELOPMENT_ASSET_PATHS = "\"EthanTodoList/Preview Content\"";
				DEVELOPMENT_TEAM = J679C73527;
				ENABLE_HARDENED_RUNTIME = YES;
				ENABLE_PREVIEWS = YES;
				GENERATE_INFOPLIST_FILE = YES;
				INFOPLIST_KEY_LSApplicationCategoryType = "public.app-category.utilities";
				INFOPLIST_KEY_NSHumanReadableCopyright = "";
				LD_RUNPATH_SEARCH_PATHS = (
					"$(inherited)",
					"@executable_path/../Frameworks",
				);
				MACOSX_DEPLOYMENT_TARGET = 14.0;
				MARKETING_VERSION = 0.1;
				PRODUCT_BUNDLE_IDENTIFIER = com.ethanxu.EthanTodoList;
				PRODUCT_NAME = "$(TARGET_NAME)";
				SWIFT_EMIT_LOC_STRINGS = YES;
				SWIFT_VERSION = 5.0;
			};
			name = Release;
		};
/* End XCBuildConfiguration section */

/* Begin XCConfigurationList section */
		8106F8742BD680F0000F1B7C /* Build configuration list for PBXProject "EthanTodoList" */ = {
			isa = XCConfigurationList;
			buildConfigurations = (
				8106F8882BD680F1000F1B7C /* Debug */,
				8106F8892BD680F1000F1B7C /* Release */,
			);
			defaultConfigurationIsVisible = 0;
			defaultConfigurationName = Release;
		};
		8106F88A2BD680F1000F1B7C /* Build configuration list for PBXNativeTarget "EthanTodoList" */ = {
			isa = XCConfigurationList;
			buildConfigurations = (
				8106F88B2BD680F1000F1B7C /* Debug */,
				8106F88C2BD680F1000F1B7C /* Release */,
			);
			defaultConfigurationIsVisible = 0;
			defaultConfigurationName = Release;
		};
/* End XCConfigurationList section */
	};
	rootObject = 8106F8712BD680F0000F1B7C /* Project object */;
}
